// !$*UTF8*$!
{
	archiveVersion = 1;
	classes = {
	};
	objectVersion = 56;
	objects = {

/* Begin PBXBuildFile section */
		001 /* SoundManagerApp.swift in Sources */ = {isa = PBXBuildFile; fileRef = 011 /* SoundManagerApp.swift */; };
		002 /* AudioApp.swift in Sources */ = {isa = PBXBuildFile; fileRef = 012 /* AudioApp.swift */; };
		003 /* AudioProcessManager.swift in Sources */ = {isa = PBXBuildFile; fileRef = 013 /* AudioProcessManager.swift */; };
		004 /* AudioTapManager.swift in Sources */ = {isa = PBXBuildFile; fileRef = 014 /* AudioTapManager.swift */; };
		005 /* ContentView.swift in Sources */ = {isa = PBXBuildFile; fileRef = 015 /* ContentView.swift */; };
		006 /* AppVolumeRow.swift in Sources */ = {isa = PBXBuildFile; fileRef = 016 /* AppVolumeRow.swift */; };
		5376B9748EC400CB02839404 /* Assets.xcassets in Resources */ = {isa = PBXBuildFile; fileRef = 56E9AF2602376D3A71C98499 /* Assets.xcassets */; };
		5A2802E162F22CFD83AAF6D8 /* ModernSlider.swift in Sources */ = {isa = PBXBuildFile; fileRef = 6C727E4B8B06FCEA456AF6B9 /* ModernSlider.swift */; };
		731834585EC061C434C9AE45 /* AudioDeviceID+Extensions.swift in Sources */ = {isa = PBXBuildFile; fileRef = AFB5794431465CC8EC510B45 /* AudioDeviceID+Extensions.swift */; };
		8B2FB6C4635C6E9DD30A1244 /* AudioObjectID+Extensions.swift in Sources */ = {isa = PBXBuildFile; fileRef = 9BACF379F410EC2AECB7A0CD /* AudioObjectID+Extensions.swift */; };
		A7F6CAE75CBF7A10D3D7E13F /* DesignSystem.swift in Sources */ = {isa = PBXBuildFile; fileRef = E1CDE03775270F9A3A6F80EE /* DesignSystem.swift */; };
		C07DD1019AE56D52CB51AA08 /* ProcessTapController.swift in Sources */ = {isa = PBXBuildFile; fileRef = 8AD7B286E31F8C3B7935315B /* ProcessTapController.swift */; };
		F8F24DBB40DABD735633516C /* VolumeState.swift in Sources */ = {isa = PBXBuildFile; fileRef = 3C84D4DF3CB62850BFE54FCF /* VolumeState.swift */; };
/* End PBXBuildFile section */

/* Begin PBXFileReference section */
		010 /* SoundManager.app */ = {isa = PBXFileReference; explicitFileType = wrapper.application; includeInIndex = 0; path = SoundManager.app; sourceTree = BUILT_PRODUCTS_DIR; };
		011 /* SoundManagerApp.swift */ = {isa = PBXFileReference; lastKnownFileType = sourcecode.swift; path = SoundManagerApp.swift; sourceTree = "<group>"; };
		012 /* AudioApp.swift */ = {isa = PBXFileReference; lastKnownFileType = sourcecode.swift; path = AudioApp.swift; sourceTree = "<group>"; };
		013 /* AudioProcessManager.swift */ = {isa = PBXFileReference; lastKnownFileType = sourcecode.swift; path = AudioProcessManager.swift; sourceTree = "<group>"; };
		014 /* AudioTapManager.swift */ = {isa = PBXFileReference; lastKnownFileType = sourcecode.swift; path = AudioTapManager.swift; sourceTree = "<group>"; };
		015 /* ContentView.swift */ = {isa = PBXFileReference; lastKnownFileType = sourcecode.swift; path = ContentView.swift; sourceTree = "<group>"; };
		016 /* AppVolumeRow.swift */ = {isa = PBXFileReference; lastKnownFileType = sourcecode.swift; path = AppVolumeRow.swift; sourceTree = "<group>"; };
		017 /* Info.plist */ = {isa = PBXFileReference; lastKnownFileType = text.plist.xml; path = Info.plist; sourceTree = "<group>"; };
		018 /* SoundManager.entitlements */ = {isa = PBXFileReference; lastKnownFileType = text.plist.entitlements; path = SoundManager.entitlements; sourceTree = "<group>"; };
		3C84D4DF3CB62850BFE54FCF /* VolumeState.swift */ = {isa = PBXFileReference; includeInIndex = 1; lastKnownFileType = sourcecode.swift; path = VolumeState.swift; sourceTree = "<group>"; };
		56E9AF2602376D3A71C98499 /* Assets.xcassets */ = {isa = PBXFileReference; includeInIndex = 1; lastKnownFileType = folder.assetcatalog; path = Assets.xcassets; sourceTree = "<group>"; };
		6C727E4B8B06FCEA456AF6B9 /* ModernSlider.swift */ = {isa = PBXFileReference; includeInIndex = 1; lastKnownFileType = sourcecode.swift; path = ModernSlider.swift; sourceTree = "<group>"; };
		8AD7B286E31F8C3B7935315B /* ProcessTapController.swift */ = {isa = PBXFileReference; includeInIndex = 1; lastKnownFileType = sourcecode.swift; path = ProcessTapController.swift; sourceTree = "<group>"; };
		9BACF379F410EC2AECB7A0CD /* AudioObjectID+Extensions.swift */ = {isa = PBXFileReference; includeInIndex = 1; lastKnownFileType = sourcecode.swift; path = "AudioObjectID+Extensions.swift"; sourceTree = "<group>"; };
		AFB5794431465CC8EC510B45 /* AudioDeviceID+Extensions.swift */ = {isa = PBXFileReference; includeInIndex = 1; lastKnownFileType = sourcecode.swift; path = "AudioDeviceID+Extensions.swift"; sourceTree = "<group>"; };
		E1CDE03775270F9A3A6F80EE /* DesignSystem.swift */ = {isa = PBXFileReference; includeInIndex = 1; lastKnownFileType = sourcecode.swift; path = DesignSystem.swift; sourceTree = "<group>"; };
/* End PBXFileReference section */

/* Begin PBXFrameworksBuildPhase section */
		020 /* Frameworks */ = {
			isa = PBXFrameworksBuildPhase;
			buildActionMask = 2147483647;
			files = (
			);
			runOnlyForDeploymentPostprocessing = 0;
		};
/* End PBXFrameworksBuildPhase section */

/* Begin PBXGroup section */
		030 = {
			isa = PBXGroup;
			children = (
				040 /* App */,
				050 /* Products */,
			);
			sourceTree = "<group>";
		};
		040 /* App */ = {
			isa = PBXGroup;
			children = (
				011 /* SoundManagerApp.swift */,
				012 /* AudioApp.swift */,
				013 /* AudioProcessManager.swift */,
				014 /* AudioTapManager.swift */,
				015 /* ContentView.swift */,
				016 /* AppVolumeRow.swift */,
				017 /* Info.plist */,
				018 /* SoundManager.entitlements */,
				A29020869E24B8558D4CA148 /* Extensions */,
				6C727E4B8B06FCEA456AF6B9 /* ModernSlider.swift */,
				E1CDE03775270F9A3A6F80EE /* DesignSystem.swift */,
				8AD7B286E31F8C3B7935315B /* ProcessTapController.swift */,
				3C84D4DF3CB62850BFE54FCF /* VolumeState.swift */,
				56E9AF2602376D3A71C98499 /* Assets.xcassets */,
			);
			path = App;
			sourceTree = "<group>";
		};
		050 /* Products */ = {
			isa = PBXGroup;
			children = (
				010 /* SoundManager.app */,
			);
			name = Products;
			sourceTree = "<group>";
		};
		A29020869E24B8558D4CA148 /* Extensions */ = {
			isa = PBXGroup;
			children = (
				9BACF379F410EC2AECB7A0CD /* AudioObjectID+Extensions.swift */,
				AFB5794431465CC8EC510B45 /* AudioDeviceID+Extensions.swift */,
			);
			path = Extensions;
			sourceTree = "<group>";
		};
/* End PBXGroup section */

/* Begin PBXNativeTarget section */
		060 /* SoundManager */ = {
			isa = PBXNativeTarget;
			buildConfigurationList = 090 /* Build configuration list for PBXNativeTarget "SoundManager" */;
			buildPhases = (
				070 /* Sources */,
				020 /* Frameworks */,
				080 /* Resources */,
			);
			buildRules = (
			);
			dependencies = (
			);
			name = SoundManager;
			productName = SoundManager;
			productReference = 010 /* SoundManager.app */;
			productType = "com.apple.product-type.application";
		};
/* End PBXNativeTarget section */

/* Begin PBXProject section */
		100 /* Project object */ = {
			isa = PBXProject;
			attributes = {
				BuildIndependentTargetsInParallel = 1;
				LastSwiftUpdateCheck = 1500;
				LastUpgradeCheck = 1500;
				TargetAttributes = {
					060 = {
						CreatedOnToolsVersion = 15.0;
					};
				};
			};
			buildConfigurationList = 101 /* Build configuration list for PBXProject "SoundManager" */;
			compatibilityVersion = "Xcode 14.0";
			developmentRegion = en;
			hasScannedForEncodings = 0;
			knownRegions = (
				en,
				Base,
			);
			mainGroup = 030;
			productRefGroup = 050 /* Products */;
			projectDirPath = "";
			projectRoot = "";
			targets = (
				060 /* SoundManager */,
			);
		};
/* End PBXProject section */

/* Begin PBXResourcesBuildPhase section */
		080 /* Resources */ = {
			isa = PBXResourcesBuildPhase;
			buildActionMask = 2147483647;
			files = (
				5376B9748EC400CB02839404 /* Assets.xcassets in Resources */,
			);
			runOnlyForDeploymentPostprocessing = 0;
		};
/* End PBXResourcesBuildPhase section */

/* Begin PBXSourcesBuildPhase section */
		070 /* Sources */ = {
			isa = PBXSourcesBuildPhase;
			buildActionMask = 2147483647;
			files = (
				001 /* SoundManagerApp.swift in Sources */,
				002 /* AudioApp.swift in Sources */,
				003 /* AudioProcessManager.swift in Sources */,
				004 /* AudioTapManager.swift in Sources */,
				005 /* ContentView.swift in Sources */,
				006 /* AppVolumeRow.swift in Sources */,
				5A2802E162F22CFD83AAF6D8 /* ModernSlider.swift in Sources */,
				A7F6CAE75CBF7A10D3D7E13F /* DesignSystem.swift in Sources */,
				8B2FB6C4635C6E9DD30A1244 /* AudioObjectID+Extensions.swift in Sources */,
				731834585EC061C434C9AE45 /* AudioDeviceID+Extensions.swift in Sources */,
				C07DD1019AE56D52CB51AA08 /* ProcessTapController.swift in Sources */,
				F8F24DBB40DABD735633516C /* VolumeState.swift in Sources */,
			);
			runOnlyForDeploymentPostprocessing = 0;
		};
/* End PBXSourcesBuildPhase section */

/* Begin XCBuildConfiguration section */
		110 /* Debug */ = {
			isa = XCBuildConfiguration;
			buildSettings = {
				ALWAYS_SEARCH_USER_PATHS = NO;
				ASSETCATALOG_COMPILER_GENERATE_SWIFT_ASSET_SYMBOL_EXTENSIONS = YES;
				CLANG_ANALYZER_NONNULL = YES;
				CLANG_ANALYZER_NUMBER_OBJECT_CONVERSION = YES_AGGRESSIVE;
				CLANG_CXX_LANGUAGE_STANDARD = "gnu++20";
				CLANG_ENABLE_MODULES = YES;
				CLANG_ENABLE_OBJC_ARC = YES;
				CLANG_ENABLE_OBJC_WEAK = YES;
				CLANG_WARN_BLOCK_CAPTURE_AUTORELEASING = YES;
				CLANG_WARN_BOOL_CONVERSION = YES;
				CLANG_WARN_COMMA = YES;
				CLANG_WARN_CONSTANT_CONVERSION = YES;
				CLANG_WARN_DEPRECATED_OBJC_IMPLEMENTATIONS = YES;
				CLANG_WARN_DIRECT_OBJC_ISA_USAGE = YES_ERROR;
				CLANG_WARN_DOCUMENTATION_COMMENTS = YES;
				CLANG_WARN_EMPTY_BODY = YES;
				CLANG_WARN_ENUM_CONVERSION = YES;
				CLANG_WARN_INFINITE_RECURSION = YES;
				CLANG_WARN_INT_CONVERSION = YES;
				CLANG_WARN_NON_LITERAL_NULL_CONVERSION = YES;
				CLANG_WARN_OBJC_IMPLICIT_RETAIN_SELF = YES;
				CLANG_WARN_OBJC_LITERAL_CONVERSION = YES;
				CLANG_WARN_OBJC_ROOT_CLASS = YES_ERROR;
				CLANG_WARN_QUOTED_INCLUDE_IN_FRAMEWORK_HEADER = YES;
				CLANG_WARN_RANGE_LOOP_ANALYSIS = YES;
				CLANG_WARN_STRICT_PROTOTYPES = YES;
				CLANG_WARN_SUSPICIOUS_MOVE = YES;
				CLANG_WARN_UNGUARDED_AVAILABILITY = YES_AGGRESSIVE;
				CLANG_WARN_UNREACHABLE_CODE = YES;
				CLANG_WARN__DUPLICATE_METHOD_MATCH = YES;
				COPY_PHASE_STRIP = NO;
				DEBUG_INFORMATION_FORMAT = dwarf;
				ENABLE_STRICT_OBJC_MSGSEND = YES;
				ENABLE_TESTABILITY = YES;
				ENABLE_USER_SCRIPT_SANDBOXING = YES;
				GCC_C_LANGUAGE_STANDARD = gnu17;
				GCC_DYNAMIC_NO_PIC = NO;
				GCC_NO_COMMON_BLOCKS = YES;
				GCC_OPTIMIZATION_LEVEL = 0;
				GCC_PREPROCESSOR_DEFINITIONS = (
					"DEBUG=1",
					"$(inherited)",
				);
				GCC_WARN_64_TO_32_BIT_CONVERSION = YES;
				GCC_WARN_ABOUT_RETURN_TYPE = YES_ERROR;
				GCC_WARN_UNDECLARED_SELECTOR = YES;
				GCC_WARN_UNINITIALIZED_AUTOS = YES_AGGRESSIVE;
				GCC_WARN_UNUSED_FUNCTION = YES;
				GCC_WARN_UNUSED_VARIABLE = YES;
				MACOSX_DEPLOYMENT_TARGET = 14.2;
				MTL_ENABLE_DEBUG_INFO = INCLUDE_SOURCE;
				MTL_FAST_MATH = YES;
				ONLY_ACTIVE_ARCH = YES;
				SDKROOT = macosx;
				SWIFT_ACTIVE_COMPILATION_CONDITIONS = "DEBUG $(inherited)";
				SWIFT_OPTIMIZATION_LEVEL = "-Onone";
			};
			name = Debug;
		};
		111 /* Release */ = {
			isa = XCBuildConfiguration;
			buildSettings = {
				ALWAYS_SEARCH_USER_PATHS = NO;
				ASSETCATALOG_COMPILER_GENERATE_SWIFT_ASSET_SYMBOL_EXTENSIONS = YES;
				CLANG_ANALYZER_NONNULL = YES;
				CLANG_ANALYZER_NUMBER_OBJECT_CONVERSION = YES_AGGRESSIVE;
				CLANG_CXX_LANGUAGE_STANDARD = "gnu++20";
				CLANG_ENABLE_MODULES = YES;
				CLANG_ENABLE_OBJC_ARC = YES;
				CLANG_ENABLE_OBJC_WEAK = YES;
				CLANG_WARN_BLOCK_CAPTURE_AUTORELEASING = YES;
				CLANG_WARN_BOOL_CONVERSION = YES;
				CLANG_WARN_COMMA = YES;
				CLANG_WARN_CONSTANT_CONVERSION = YES;
				CLANG_WARN_DEPRECATED_OBJC_IMPLEMENTATIONS = YES;
				CLANG_WARN_DIRECT_OBJC_ISA_USAGE = YES_ERROR;
				CLANG_WARN_DOCUMENTATION_COMMENTS = YES;
				CLANG_WARN_EMPTY_BODY = YES;
				CLANG_WARN_ENUM_CONVERSION = YES;
				CLANG_WARN_INFINITE_RECURSION = YES;
				CLANG_WARN_INT_CONVERSION = YES;
				CLANG_WARN_NON_LITERAL_NULL_CONVERSION = YES;
				CLANG_WARN_OBJC_IMPLICIT_RETAIN_SELF = YES;
				CLANG_WARN_OBJC_LITERAL_CONVERSION = YES;
				CLANG_WARN_OBJC_ROOT_CLASS = YES_ERROR;
				CLANG_WARN_QUOTED_INCLUDE_IN_FRAMEWORK_HEADER = YES;
				CLANG_WARN_RANGE_LOOP_ANALYSIS = YES;
				CLANG_WARN_STRICT_PROTOTYPES = YES;
				CLANG_WARN_SUSPICIOUS_MOVE = YES;
				CLANG_WARN_UNGUARDED_AVAILABILITY = YES_AGGRESSIVE;
				CLANG_WARN_UNREACHABLE_CODE = YES;
				CLANG_WARN__DUPLICATE_METHOD_MATCH = YES;
				COPY_PHASE_STRIP = NO;
				DEBUG_INFORMATION_FORMAT = "dwarf-with-dsym";
				ENABLE_NS_ASSERTIONS = NO;
				ENABLE_STRICT_OBJC_MSGSEND = YES;
				ENABLE_USER_SCRIPT_SANDBOXING = YES;
				GCC_C_LANGUAGE_STANDARD = gnu17;
				GCC_NO_COMMON_BLOCKS = YES;
				GCC_WARN_64_TO_32_BIT_CONVERSION = YES;
				GCC_WARN_ABOUT_RETURN_TYPE = YES_ERROR;
				GCC_WARN_UNDECLARED_SELECTOR = YES;
				GCC_WARN_UNINITIALIZED_AUTOS = YES_AGGRESSIVE;
				GCC_WARN_UNUSED_FUNCTION = YES;
				GCC_WARN_UNUSED_VARIABLE = YES;
				MACOSX_DEPLOYMENT_TARGET = 14.2;
				MTL_ENABLE_DEBUG_INFO = NO;
				MTL_FAST_MATH = YES;
				SDKROOT = macosx;
				SWIFT_COMPILATION_MODE = wholemodule;
			};
			name = Release;
		};
		120 /* Debug */ = {
			isa = XCBuildConfiguration;
			buildSettings = {
				ASSETCATALOG_COMPILER_APPICON_NAME = AppIcon;
				ASSETCATALOG_COMPILER_GLOBAL_ACCENT_COLOR_NAME = AccentColor;
				CODE_SIGN_ENTITLEMENTS = App/SoundManager.entitlements;
				"CODE_SIGN_IDENTITY[sdk=macosx*]" = "Apple Development";
				CODE_SIGN_STYLE = Manual;
				COMBINE_HIDPI_IMAGES = YES;
				CURRENT_PROJECT_VERSION = 1;
				DEVELOPMENT_TEAM = "";
				"DEVELOPMENT_TEAM[sdk=macosx*]" = 7QX6PLCF2C;
				GENERATE_INFOPLIST_FILE = NO;
				INFOPLIST_FILE = App/Info.plist;
				INFOPLIST_KEY_CFBundleDisplayName = Mimir;
				INFOPLIST_KEY_LSApplicationCategoryType = "public.app-category.utilities";
				INFOPLIST_KEY_NSHumanReadableCopyright = "";
				LD_RUNPATH_SEARCH_PATHS = (
					"$(inherited)",
					"@executable_path/../Frameworks",
				);
				MARKETING_VERSION = 1.0;
				PRODUCT_BUNDLE_IDENTIFIER = com.soundmanager.app;
				PRODUCT_NAME = Mimir;
				PROVISIONING_PROFILE_SPECIFIER = "";
				SWIFT_EMIT_LOC_STRINGS = YES;
				SWIFT_VERSION = 5.0;
			};
			name = Debug;
		};
		121 /* Release */ = {
			isa = XCBuildConfiguration;
			buildSettings = {
				ASSETCATALOG_COMPILER_APPICON_NAME = AppIcon;
				ASSETCATALOG_COMPILER_GLOBAL_ACCENT_COLOR_NAME = AccentColor;
				CODE_SIGN_ENTITLEMENTS = App/SoundManager.entitlements;
				"CODE_SIGN_IDENTITY[sdk=macosx*]" = "Apple Development";
				CODE_SIGN_STYLE = Manual;
				COMBINE_HIDPI_IMAGES = YES;
				CURRENT_PROJECT_VERSION = 1;
				DEVELOPMENT_TEAM = "";
				"DEVELOPMENT_TEAM[sdk=macosx*]" = 7QX6PLCF2C;
				GENERATE_INFOPLIST_FILE = NO;
				INFOPLIST_FILE = App/Info.plist;
				INFOPLIST_KEY_CFBundleDisplayName = Mimir;
				INFOPLIST_KEY_LSApplicationCategoryType = "public.app-category.utilities";
				INFOPLIST_KEY_NSHumanReadableCopyright = "";
				LD_RUNPATH_SEARCH_PATHS = (
					"$(inherited)",
					"@executable_path/../Frameworks",
				);
				MARKETING_VERSION = 1.0;
				PRODUCT_BUNDLE_IDENTIFIER = com.soundmanager.app;
				PRODUCT_NAME = Mimir;
				PROVISIONING_PROFILE_SPECIFIER = "";
				SWIFT_EMIT_LOC_STRINGS = YES;
				SWIFT_VERSION = 5.0;
			};
			name = Release;
		};
/* End XCBuildConfiguration section */

/* Begin XCConfigurationList section */
		090 /* Build configuration list for PBXNativeTarget "SoundManager" */ = {
			isa = XCConfigurationList;
			buildConfigurations = (
				120 /* Debug */,
				121 /* Release */,
			);
			defaultConfigurationIsVisible = 0;
			defaultConfigurationName = Release;
		};
		101 /* Build configuration list for PBXProject "SoundManager" */ = {
			isa = XCConfigurationList;
			buildConfigurations = (
				110 /* Debug */,
				111 /* Release */,
			);
			defaultConfigurationIsVisible = 0;
			defaultConfigurationName = Release;
		};
/* End XCConfigurationList section */
	};
	rootObject = 100 /* Project object */;
}
